
Microsoft Visual Studio Solution File, Format Version 12.00
# Visual Studio Version 17
VisualStudioVersion = 17.2.32526.322
MinimumVisualStudioVersion = 10.0.40219.1
Project("{FAE04EC0-301F-11D3-BF4B-00C04F79EFBC}") = "rskibbe.IO.Ports.Com", "rskibbe.IO.Ports.Com\rskibbe.IO.Ports.Com.csproj", "{AE37891E-E90B-4E9A-9952-C8465F5E9B62}"
EndProject
Global
	GlobalSection(SolutionConfigurationPlatforms) = preSolution
		Debug|Any CPU = Debug|Any CPU
		Release|Any CPU = Release|Any CPU
	EndGlobalSection
	GlobalSection(ProjectConfigurationPlatforms) = postSolution
		{AE37891E-E90B-4E9A-9952-C8465F5E9B62}.Debug|Any CPU.ActiveCfg = Debug|Any CPU
		{AE37891E-E90B-4E9A-9952-C8465F5E9B62}.Debug|Any CPU.Build.0 = Debug|Any CPU
		{AE37891E-E90B-4E9A-9952-C8465F5E9B62}.Release|Any CPU.ActiveCfg = Release|Any CPU
		{AE37891E-E90B-4E9A-9952-C8465F5E9B62}.Release|Any CPU.Build.0 = Release|Any CPU
	EndGlobalSection
	GlobalSection(SolutionProperties) = preSolution
		HideSolutionNode = FALSE
	EndGlobalSection
	GlobalSection(ExtensibilityGlobals) = postSolution
		SolutionGuid = {438503EB-B193-4E19-BBFC-CDEF046DF9C6}
	EndGlobalSection
EndGlobal
